
Microsoft Visual Studio Solution File, Format Version 12.00
# Visual Studio Version 17
VisualStudioVersion = 17.1.32319.34
MinimumVisualStudioVersion = 10.0.40219.1
Project("{8BC9CEB8-8B4A-11D0-8D11-00A0C91BC942}") = "Backend", "Backend\Backend.vcxproj", "{FFF358CA-9726-44CF-9F2E-41078EF04038}"
EndProject
Project("{888888A0-9F3D-457C-B088-3A5042F75D52}") = "Python Client", "Python Client\Python Client.pyproj", "{58A258B5-104A-40E6-8972-CD7596B8F76A}"
EndProject
Project("{888888A0-9F3D-457C-B088-3A5042F75D52}") = "opentdb api", "opentdb api\opentdb api.pyproj", "{CADAA01E-293A-41BC-8337-66E44C4FE344}"
EndProject
Project("{FAE04EC0-301F-11D3-BF4B-00C04F79EFBC}") = "Frontend", "Frontend\Frontend.csproj", "{1BB4A438-C816-4A81-85DF-817C84FB296C}"
EndProject
Global
	GlobalSection(SolutionConfigurationPlatforms) = preSolution
		Debug|Any CPU = Debug|Any CPU
		Debug|x64 = Debug|x64
		Debug|x86 = Debug|x86
		Release|Any CPU = Release|Any CPU
		Release|x64 = Release|x64
		Release|x86 = Release|x86
	EndGlobalSection
	GlobalSection(ProjectConfigurationPlatforms) = postSolution
		{FFF358CA-9726-44CF-9F2E-41078EF04038}.Debug|Any CPU.ActiveCfg = Debug|x64
		{FFF358CA-9726-44CF-9F2E-41078EF04038}.Debug|Any CPU.Build.0 = Debug|x64
		{FFF358CA-9726-44CF-9F2E-41078EF04038}.Debug|x64.ActiveCfg = Debug|x64
		{FFF358CA-9726-44CF-9F2E-41078EF04038}.Debug|x64.Build.0 = Debug|x64
		{FFF358CA-9726-44CF-9F2E-41078EF04038}.Debug|x86.ActiveCfg = Debug|Win32
		{FFF358CA-9726-44CF-9F2E-41078EF04038}.Debug|x86.Build.0 = Debug|Win32
		{FFF358CA-9726-44CF-9F2E-41078EF04038}.Release|Any CPU.ActiveCfg = Release|x64
		{FFF358CA-9726-44CF-9F2E-41078EF04038}.Release|Any CPU.Build.0 = Release|x64
		{FFF358CA-9726-44CF-9F2E-41078EF04038}.Release|x64.ActiveCfg = Release|x64
		{FFF358CA-9726-44CF-9F2E-41078EF04038}.Release|x64.Build.0 = Release|x64
		{FFF358CA-9726-44CF-9F2E-41078EF04038}.Release|x86.ActiveCfg = Release|Win32
		{FFF358CA-9726-44CF-9F2E-41078EF04038}.Release|x86.Build.0 = Release|Win32
		{58A258B5-104A-40E6-8972-CD7596B8F76A}.Debug|Any CPU.ActiveCfg = Debug|Any CPU
		{58A258B5-104A-40E6-8972-CD7596B8F76A}.Debug|x64.ActiveCfg = Debug|Any CPU
		{58A258B5-104A-40E6-8972-CD7596B8F76A}.Debug|x86.ActiveCfg = Debug|Any CPU
		{58A258B5-104A-40E6-8972-CD7596B8F76A}.Release|Any CPU.ActiveCfg = Release|Any CPU
		{58A258B5-104A-40E6-8972-CD7596B8F76A}.Release|x64.ActiveCfg = Release|Any CPU
		{58A258B5-104A-40E6-8972-CD7596B8F76A}.Release|x86.ActiveCfg = Release|Any CPU
		{CADAA01E-293A-41BC-8337-66E44C4FE344}.Debug|Any CPU.ActiveCfg = Debug|Any CPU
		{CADAA01E-293A-41BC-8337-66E44C4FE344}.Debug|x64.ActiveCfg = Debug|Any CPU
		{CADAA01E-293A-41BC-8337-66E44C4FE344}.Debug|x86.ActiveCfg = Debug|Any CPU
		{CADAA01E-293A-41BC-8337-66E44C4FE344}.Release|Any CPU.ActiveCfg = Release|Any CPU
		{CADAA01E-293A-41BC-8337-66E44C4FE344}.Release|x64.ActiveCfg = Release|Any CPU
		{CADAA01E-293A-41BC-8337-66E44C4FE344}.Release|x86.ActiveCfg = Release|Any CPU
		{1BB4A438-C816-4A81-85DF-817C84FB296C}.Debug|Any CPU.ActiveCfg = Debug|Any CPU
		{1BB4A438-C816-4A81-85DF-817C84FB296C}.Debug|Any CPU.Build.0 = Debug|Any CPU
		{1BB4A438-C816-4A81-85DF-817C84FB296C}.Debug|x64.ActiveCfg = Debug|Any CPU
		{1BB4A438-C816-4A81-85DF-817C84FB296C}.Debug|x64.Build.0 = Debug|Any CPU
		{1BB4A438-C816-4A81-85DF-817C84FB296C}.Debug|x86.ActiveCfg = Debug|Any CPU
		{1BB4A438-C816-4A81-85DF-817C84FB296C}.Debug|x86.Build.0 = Debug|Any CPU
		{1BB4A438-C816-4A81-85DF-817C84FB296C}.Release|Any CPU.ActiveCfg = Release|Any CPU
		{1BB4A438-C816-4A81-85DF-817C84FB296C}.Release|Any CPU.Build.0 = Release|Any CPU
		{1BB4A438-C816-4A81-85DF-817C84FB296C}.Release|x64.ActiveCfg = Release|Any CPU
		{1BB4A438-C816-4A81-85DF-817C84FB296C}.Release|x64.Build.0 = Release|Any CPU
		{1BB4A438-C816-4A81-85DF-817C84FB296C}.Release|x86.ActiveCfg = Release|Any CPU
		{1BB4A438-C816-4A81-85DF-817C84FB296C}.Release|x86.Build.0 = Release|Any CPU
	EndGlobalSection
	GlobalSection(SolutionProperties) = preSolution
		HideSolutionNode = FALSE
	EndGlobalSection
	GlobalSection(ExtensibilityGlobals) = postSolution
		SolutionGuid = {97AD7C34-B405-4438-BEC2-5C6D015F0F29}
	EndGlobalSection
EndGlobal
