<?xml version="1.0" encoding="utf-8"?>
<Project ToolsVersion="4.0" xmlns="http://schemas.microsoft.com/developer/msbuild/2003">
  <ItemGroup>
    <ClCompile Include="src\handlers\RoomMemberRequestHandler.cpp" />
    <ClCompile Include="src\handlers\IRoomMemberRequestHandler.cpp" />
    <ClCompile Include="src\handlers\RoomAdminRequestHandler.cpp" />
    <ClCompile Include="src\handlers\MenuRequestHandler.cpp" />
    <ClCompile Include="src\handlers\IRequestHandler.cpp" />
    <ClCompile Include="src\infrastructure\Communicator.cpp" />
    <ClCompile Include="src\infrastructure\database\DatabaseError.cpp" />
    <ClCompile Include="src\infrastructure\database\IDatabase.cpp" />
    <ClCompile Include="src\infrastructure\database\Question.cpp" />
    <ClCompile Include="src\infrastructure\database\sqlite3.c" />
    <ClCompile Include="src\infrastructure\database\SqliteDataBase.cpp" />
    <ClCompile Include="src\infrastructure\json\JsonRequestPacketDeserializer.cpp" />
    <ClCompile Include="src\infrastructure\json\JsonRequestPacketSerializer.cpp" />
    <ClCompile Include="src\infrastructure\RequestHandlerFactory.cpp" />
    <ClCompile Include="src\infrastructure\Server.cpp" />
    <ClCompile Include="src\infrastructure\Socket.cpp" />
    <ClCompile Include="src\infrastructure\SocketError.cpp" />
    <ClCompile Include="src\infrastructure\WSAInitializer.cpp" />
    <ClCompile Include="src\handlers\LoginRequestHandler.cpp" />
    <ClCompile Include="src\main.cpp" />
    <ClCompile Include="src\managers\LoggedUser.cpp" />
    <ClCompile Include="src\managers\LoginManager\LoginManager.cpp" />
    <ClCompile Include="src\managers\RoomManager\Room.cpp" />
    <ClCompile Include="src\managers\RoomManager\RoomManager.cpp" />
    <ClCompile Include="src\managers\StatisticsManager\StatisticsManager.cpp" />
  </ItemGroup>
  <ItemGroup>
    <ClInclude Include="include\handlers\IRoomMemberRequestHandler.h" />
    <ClInclude Include="include\infrastructure\Communicator.h" />
    <ClInclude Include="include\infrastructure\json\json.hpp" />
    <ClInclude Include="include\infrastructure\json\JsonRequestPacketDeserializer.h" />
    <ClInclude Include="include\infrastructure\json\JsonRequestPacketSerializer.h" />
    <ClInclude Include="include\infrastructure\RequestHandlerFactory.h" />
    <ClInclude Include="include\infrastructure\Server.h" />
    <ClInclude Include="include\infrastructure\Socket.h" />
    <ClInclude Include="include\infrastructure\SocketError.h" />
    <ClInclude Include="include\infrastructure\WSAInitializer.h" />
    <ClInclude Include="include\managers\LoggedUser.h" />
    <ClInclude Include="include\managers\LoginManager.h" />
    <ClInclude Include="include\managers\LoginManager\LoginManager.h" />
    <ClInclude Include="include\managers\RoomManager\Room.h" />
    <ClInclude Include="include\managers\RoomManager\RoomData.h" />
    <ClInclude Include="include\managers\RoomManager\RoomManager.h" />
    <ClInclude Include="include\requests\CreateRoomRequest.h" />
    <ClInclude Include="include\requests\GetPlayersInRoomRequest.h" />
    <ClInclude Include="include\requests\JoinRoomRequest.h" />
    <ClInclude Include="include\responses\CloseRoomResponse.h" />
    <ClInclude Include="include\responses\CreateRoomResponse.h" />
    <ClInclude Include="include\responses\GetHighScoreResponse.h" />
    <ClInclude Include="include\responses\GetPlayersInRoomResponse.h" />
    <ClInclude Include="include\responses\GetRoomsResponse.h" />
    <ClInclude Include="include\responses\GetRoomStateResponse.h" />
    <ClInclude Include="include\responses\JoinRoomResponse.h" />
    <ClInclude Include="include\responses\LeaveRoomResponse.h" />
    <ClInclude Include="include\responses\LogoutResponse.h" />
    <ClInclude Include="include\responses\StartGameResponse.h" />
    <ClInclude Include="include\responses\StatisticsResponse.h" />
    <ClInclude Include="include\responses\ErrorResponse.h" />
    <ClInclude Include="include\handlers\IRequestHandler.h" />
    <ClInclude Include="include\requests\LoginRequest.h" />
    <ClInclude Include="include\handlers\LoginRequestHandler.h" />
    <ClInclude Include="include\responses\LoginResponse.h" />
    <ClInclude Include="include\requests\RequestInfo.h" />
    <ClInclude Include="include\requests\RequestResult.h" />
    <ClInclude Include="include\requests\SignupRequest.h" />
    <ClInclude Include="include\responses\SignupResponse.h" />
    <ClInclude Include="include\handlers\MenuRequestHandler.h" />
    <ClInclude Include="include\utils\Singleton.h" />
    <ClInclude Include="include\handlers\RoomAdminRequestHandler.h" />
    <ClInclude Include="include\handlers\RoomMemberRequestHandler.h" />
  </ItemGroup>
  <ItemGroup>
    <None Include="cpp.hint" />
  </ItemGroup>
</Project>