<?xml version="1.0" encoding="utf-8"?>
<Project ToolsVersion="4.0" xmlns="http://schemas.microsoft.com/developer/msbuild/2003">
  <ItemGroup>
    <ClCompile Include="src\handlers\IRequestHandler.cpp" />
    <ClCompile Include="src\handlers\LoginRequestHandler.cpp" />
    <ClCompile Include="src\main.cpp" />
    <ClCompile Include="src\json\JsonRequestPacketSerializer.cpp" />
    <ClCompile Include="src\json\JsonRequestPacketDeserializer.cpp" />
    <ClCompile Include="src\server\Communicator.cpp" />
    <ClCompile Include="src\server\Server.cpp" />
    <ClCompile Include="src\server\Socket.cpp" />
    <ClCompile Include="src\server\SocketError.cpp" />
    <ClCompile Include="src\server\WSAInitializer.cpp" />
    <ClCompile Include="src\database\SqliteDataBase.cpp" />
    <ClCompile Include="src\database\sqlite3.c" />
  </ItemGroup>
  <ItemGroup>
    <ClInclude Include="include\handlers\IRequestHandler.h" />
    <ClInclude Include="include\JsonPackerDeserializer.h" />
    <ClInclude Include="include\json\json.hpp" />
    <ClInclude Include="include\handlers\LoginRequestHandler.h" />
    <ClInclude Include="include\server\Socket.h" />
    <ClInclude Include="include\server\SocketError.h" />
    <ClInclude Include="include\server\WSAInitializer.h" />
    <ClInclude Include="include\server\Communicator.h" />
    <ClInclude Include="include\requests\LoginRequest.h" />
    <ClInclude Include="include\requests\RequestInfo.h" />
    <ClInclude Include="include\requests\RequestResult.h" />
    <ClInclude Include="include\server\Server.h" />
    <ClInclude Include="include\requests\SignupRequest.h" />
    <ClInclude Include="include\responses\LoginResponse.h" />
    <ClInclude Include="include\responses\SignupResponse.h" />
    <ClInclude Include="include\responses\ErrorResponse.h" />
    <ClInclude Include="include\JsonPacketSerializer.h" />
    <ClInclude Include="include\json\JsonRequestPacketDeserializer.h" />
    <ClInclude Include="include\json\JsonRequestPacketSerializer.h" />
    <ClInclude Include="include\database\IDatabase.h" />
    <ClInclude Include="include\database\SqliteDataBase.h" />
    <ClInclude Include="include\database\sqlite3.h" />
  </ItemGroup>
</Project>